// !$*UTF8*$!
{
	archiveVersion = 1;
	classes = {
	};
	objectVersion = 48;
	objects = {

/* Begin PBXBuildFile section */
		913B1FD3203D6559008EADEC /* AppDelegate.swift in Sources */ = {isa = PBXBuildFile; fileRef = 913B1FD2203D6559008EADEC /* AppDelegate.swift */; };
		913B1FD8203D6559008EADEC /* Main.storyboard in Resources */ = {isa = PBXBuildFile; fileRef = 913B1FD6203D6559008EADEC /* Main.storyboard */; };
		913B1FDA203D6559008EADEC /* Assets.xcassets in Resources */ = {isa = PBXBuildFile; fileRef = 913B1FD9203D6559008EADEC /* Assets.xcassets */; };
		913B1FDD203D6559008EADEC /* LaunchScreen.storyboard in Resources */ = {isa = PBXBuildFile; fileRef = 913B1FDB203D6559008EADEC /* LaunchScreen.storyboard */; };
		913B1FEE203DBC65008EADEC /* DataModel.xcdatamodeld in Sources */ = {isa = PBXBuildFile; fileRef = 913B1FEC203DBC65008EADEC /* DataModel.xcdatamodeld */; };
		917E0F4F203DEB840025E020 /* CategoryVC.swift in Sources */ = {isa = PBXBuildFile; fileRef = 917E0F4E203DEB840025E020 /* CategoryVC.swift */; };
		917E0F51203DEBCE0025E020 /* TodoListVC.swift in Sources */ = {isa = PBXBuildFile; fileRef = 917E0F50203DEBCE0025E020 /* TodoListVC.swift */; };
/* End PBXBuildFile section */

/* Begin PBXFileReference section */
		913B1FCF203D6558008EADEC /* Todoey.app */ = {isa = PBXFileReference; explicitFileType = wrapper.application; includeInIndex = 0; path = Todoey.app; sourceTree = BUILT_PRODUCTS_DIR; };
		913B1FD2203D6559008EADEC /* AppDelegate.swift */ = {isa = PBXFileReference; lastKnownFileType = sourcecode.swift; path = AppDelegate.swift; sourceTree = "<group>"; };
		913B1FD7203D6559008EADEC /* Base */ = {isa = PBXFileReference; lastKnownFileType = file.storyboard; name = Base; path = Base.lproj/Main.storyboard; sourceTree = "<group>"; };
		913B1FD9203D6559008EADEC /* Assets.xcassets */ = {isa = PBXFileReference; lastKnownFileType = folder.assetcatalog; path = Assets.xcassets; sourceTree = "<group>"; };
		913B1FDC203D6559008EADEC /* Base */ = {isa = PBXFileReference; lastKnownFileType = file.storyboard; name = Base; path = Base.lproj/LaunchScreen.storyboard; sourceTree = "<group>"; };
		913B1FDE203D6559008EADEC /* Info.plist */ = {isa = PBXFileReference; lastKnownFileType = text.plist.xml; path = Info.plist; sourceTree = "<group>"; };
		913B1FED203DBC65008EADEC /* DataModel.xcdatamodel */ = {isa = PBXFileReference; lastKnownFileType = wrapper.xcdatamodel; path = DataModel.xcdatamodel; sourceTree = "<group>"; };
		917E0F4E203DEB840025E020 /* CategoryVC.swift */ = {isa = PBXFileReference; lastKnownFileType = sourcecode.swift; path = CategoryVC.swift; sourceTree = "<group>"; };
		917E0F50203DEBCE0025E020 /* TodoListVC.swift */ = {isa = PBXFileReference; fileEncoding = 4; lastKnownFileType = sourcecode.swift; path = TodoListVC.swift; sourceTree = "<group>"; };
/* End PBXFileReference section */

/* Begin PBXFrameworksBuildPhase section */
		913B1FCC203D6558008EADEC /* Frameworks */ = {
			isa = PBXFrameworksBuildPhase;
			buildActionMask = 2147483647;
			files = (
			);
			runOnlyForDeploymentPostprocessing = 0;
		};
/* End PBXFrameworksBuildPhase section */

/* Begin PBXGroup section */
		913B1FC6203D6558008EADEC = {
			isa = PBXGroup;
			children = (
				913B1FD1203D6559008EADEC /* Todoey */,
				913B1FD0203D6558008EADEC /* Products */,
			);
			sourceTree = "<group>";
		};
		913B1FD0203D6558008EADEC /* Products */ = {
			isa = PBXGroup;
			children = (
				913B1FCF203D6558008EADEC /* Todoey.app */,
			);
			name = Products;
			sourceTree = "<group>";
		};
		913B1FD1203D6559008EADEC /* Todoey */ = {
			isa = PBXGroup;
			children = (
				913B1FD6203D6559008EADEC /* Main.storyboard */,
				913B1FE6203D65AB008EADEC /* Views */,
				913B1FE5203D659A008EADEC /* Controllers */,
				913B1FE4203D658E008EADEC /* Models */,
				913B1FE7203D65B2008EADEC /* Supporting Files */,
				913B1FD9203D6559008EADEC /* Assets.xcassets */,
				913B1FDE203D6559008EADEC /* Info.plist */,
			);
			path = Todoey;
			sourceTree = "<group>";
		};
		913B1FE4203D658E008EADEC /* Models */ = {
			isa = PBXGroup;
			children = (
				913B1FEC203DBC65008EADEC /* DataModel.xcdatamodeld */,
			);
			path = Models;
			sourceTree = "<group>";
		};
		913B1FE5203D659A008EADEC /* Controllers */ = {
			isa = PBXGroup;
			children = (
				917E0F4E203DEB840025E020 /* CategoryVC.swift */,
				917E0F50203DEBCE0025E020 /* TodoListVC.swift */,
			);
			path = Controllers;
			sourceTree = "<group>";
		};
		913B1FE6203D65AB008EADEC /* Views */ = {
			isa = PBXGroup;
			children = (
			);
			path = Views;
			sourceTree = "<group>";
		};
		913B1FE7203D65B2008EADEC /* Supporting Files */ = {
			isa = PBXGroup;
			children = (
				913B1FD2203D6559008EADEC /* AppDelegate.swift */,
				913B1FDB203D6559008EADEC /* LaunchScreen.storyboard */,
			);
			path = "Supporting Files";
			sourceTree = "<group>";
		};
/* End PBXGroup section */

/* Begin PBXNativeTarget section */
		913B1FCE203D6558008EADEC /* Todoey */ = {
			isa = PBXNativeTarget;
			buildConfigurationList = 913B1FE1203D6559008EADEC /* Build configuration list for PBXNativeTarget "Todoey" */;
			buildPhases = (
				913B1FCB203D6558008EADEC /* Sources */,
				913B1FCC203D6558008EADEC /* Frameworks */,
				913B1FCD203D6558008EADEC /* Resources */,
			);
			buildRules = (
			);
			dependencies = (
			);
			name = Todoey;
			productName = Todoey;
			productReference = 913B1FCF203D6558008EADEC /* Todoey.app */;
			productType = "com.apple.product-type.application";
		};
/* End PBXNativeTarget section */

/* Begin PBXProject section */
		913B1FC7203D6558008EADEC /* Project object */ = {
			isa = PBXProject;
			attributes = {
				LastSwiftUpdateCheck = 0920;
				LastUpgradeCheck = 0920;
				ORGANIZATIONNAME = "Mehdi Chennoufi";
				TargetAttributes = {
					913B1FCE203D6558008EADEC = {
						CreatedOnToolsVersion = 9.2;
						ProvisioningStyle = Automatic;
					};
				};
			};
			buildConfigurationList = 913B1FCA203D6558008EADEC /* Build configuration list for PBXProject "Todoey" */;
			compatibilityVersion = "Xcode 8.0";
			developmentRegion = en;
			hasScannedForEncodings = 0;
			knownRegions = (
				en,
				Base,
			);
			mainGroup = 913B1FC6203D6558008EADEC;
			productRefGroup = 913B1FD0203D6558008EADEC /* Products */;
			projectDirPath = "";
			projectRoot = "";
			targets = (
				913B1FCE203D6558008EADEC /* Todoey */,
			);
		};
/* End PBXProject section */

/* Begin PBXResourcesBuildPhase section */
		913B1FCD203D6558008EADEC /* Resources */ = {
			isa = PBXResourcesBuildPhase;
			buildActionMask = 2147483647;
			files = (
				913B1FDD203D6559008EADEC /* LaunchScreen.storyboard in Resources */,
				913B1FDA203D6559008EADEC /* Assets.xcassets in Resources */,
				913B1FD8203D6559008EADEC /* Main.storyboard in Resources */,
			);
			runOnlyForDeploymentPostprocessing = 0;
		};
/* End PBXResourcesBuildPhase section */

/* Begin PBXSourcesBuildPhase section */
		913B1FCB203D6558008EADEC /* Sources */ = {
			isa = PBXSourcesBuildPhase;
			buildActionMask = 2147483647;
			files = (
				913B1FD3203D6559008EADEC /* AppDelegate.swift in Sources */,
				917E0F51203DEBCE0025E020 /* TodoListVC.swift in Sources */,
				913B1FEE203DBC65008EADEC /* DataModel.xcdatamodeld in Sources */,
				917E0F4F203DEB840025E020 /* CategoryVC.swift in Sources */,
			);
			runOnlyForDeploymentPostprocessing = 0;
		};
/* End PBXSourcesBuildPhase section */

/* Begin PBXVariantGroup section */
		913B1FD6203D6559008EADEC /* Main.storyboard */ = {
			isa = PBXVariantGroup;
			children = (
				913B1FD7203D6559008EADEC /* Base */,
			);
			name = Main.storyboard;
			sourceTree = "<group>";
		};
		913B1FDB203D6559008EADEC /* LaunchScreen.storyboard */ = {
			isa = PBXVariantGroup;
			children = (
				913B1FDC203D6559008EADEC /* Base */,
			);
			name = LaunchScreen.storyboard;
			sourceTree = "<group>";
		};
/* End PBXVariantGroup section */

/* Begin XCBuildConfiguration section */
		913B1FDF203D6559008EADEC /* Debug */ = {
			isa = XCBuildConfiguration;
			buildSettings = {
				ALWAYS_SEARCH_USER_PATHS = NO;
				CLANG_ANALYZER_NONNULL = YES;
				CLANG_ANALYZER_NUMBER_OBJECT_CONVERSION = YES_AGGRESSIVE;
				CLANG_CXX_LANGUAGE_STANDARD = "gnu++14";
				CLANG_CXX_LIBRARY = "libc++";
				CLANG_ENABLE_MODULES = YES;
				CLANG_ENABLE_OBJC_ARC = YES;
				CLANG_WARN_BLOCK_CAPTURE_AUTORELEASING = YES;
				CLANG_WARN_BOOL_CONVERSION = YES;
				CLANG_WARN_COMMA = YES;
				CLANG_WARN_CONSTANT_CONVERSION = YES;
				CLANG_WARN_DIRECT_OBJC_ISA_USAGE = YES_ERROR;
				CLANG_WARN_DOCUMENTATION_COMMENTS = YES;
				CLANG_WARN_EMPTY_BODY = YES;
				CLANG_WARN_ENUM_CONVERSION = YES;
				CLANG_WARN_INFINITE_RECURSION = YES;
				CLANG_WARN_INT_CONVERSION = YES;
				CLANG_WARN_NON_LITERAL_NULL_CONVERSION = YES;
				CLANG_WARN_OBJC_LITERAL_CONVERSION = YES;
				CLANG_WARN_OBJC_ROOT_CLASS = YES_ERROR;
				CLANG_WARN_RANGE_LOOP_ANALYSIS = YES;
				CLANG_WARN_STRICT_PROTOTYPES = YES;
				CLANG_WARN_SUSPICIOUS_MOVE = YES;
				CLANG_WARN_UNGUARDED_AVAILABILITY = YES_AGGRESSIVE;
				CLANG_WARN_UNREACHABLE_CODE = YES;
				CLANG_WARN__DUPLICATE_METHOD_MATCH = YES;
				CODE_SIGN_IDENTITY = "iPhone Developer";
				COPY_PHASE_STRIP = NO;
				DEBUG_INFORMATION_FORMAT = dwarf;
				ENABLE_STRICT_OBJC_MSGSEND = YES;
				ENABLE_TESTABILITY = YES;
				GCC_C_LANGUAGE_STANDARD = gnu11;
				GCC_DYNAMIC_NO_PIC = NO;
				GCC_NO_COMMON_BLOCKS = YES;
				GCC_OPTIMIZATION_LEVEL = 0;
				GCC_PREPROCESSOR_DEFINITIONS = (
					"DEBUG=1",
					"$(inherited)",
				);
				GCC_WARN_64_TO_32_BIT_CONVERSION = YES;
				GCC_WARN_ABOUT_RETURN_TYPE = YES_ERROR;
				GCC_WARN_UNDECLARED_SELECTOR = YES;
				GCC_WARN_UNINITIALIZED_AUTOS = YES_AGGRESSIVE;
				GCC_WARN_UNUSED_FUNCTION = YES;
				GCC_WARN_UNUSED_VARIABLE = YES;
				IPHONEOS_DEPLOYMENT_TARGET = 11.2;
				MTL_ENABLE_DEBUG_INFO = YES;
				ONLY_ACTIVE_ARCH = YES;
				SDKROOT = iphoneos;
				SWIFT_ACTIVE_COMPILATION_CONDITIONS = DEBUG;
				SWIFT_OPTIMIZATION_LEVEL = "-Onone";
			};
			name = Debug;
		};
		913B1FE0203D6559008EADEC /* Release */ = {
			isa = XCBuildConfiguration;
			buildSettings = {
				ALWAYS_SEARCH_USER_PATHS = NO;
				CLANG_ANALYZER_NONNULL = YES;
				CLANG_ANALYZER_NUMBER_OBJECT_CONVERSION = YES_AGGRESSIVE;
				CLANG_CXX_LANGUAGE_STANDARD = "gnu++14";
				CLANG_CXX_LIBRARY = "libc++";
				CLANG_ENABLE_MODULES = YES;
				CLANG_ENABLE_OBJC_ARC = YES;
				CLANG_WARN_BLOCK_CAPTURE_AUTORELEASING = YES;
				CLANG_WARN_BOOL_CONVERSION = YES;
				CLANG_WARN_COMMA = YES;
				CLANG_WARN_CONSTANT_CONVERSION = YES;
				CLANG_WARN_DIRECT_OBJC_ISA_USAGE = YES_ERROR;
				CLANG_WARN_DOCUMENTATION_COMMENTS = YES;
				CLANG_WARN_EMPTY_BODY = YES;
				CLANG_WARN_ENUM_CONVERSION = YES;
				CLANG_WARN_INFINITE_RECURSION = YES;
				CLANG_WARN_INT_CONVERSION = YES;
				CLANG_WARN_NON_LITERAL_NULL_CONVERSION = YES;
				CLANG_WARN_OBJC_LITERAL_CONVERSION = YES;
				CLANG_WARN_OBJC_ROOT_CLASS = YES_ERROR;
				CLANG_WARN_RANGE_LOOP_ANALYSIS = YES;
				CLANG_WARN_STRICT_PROTOTYPES = YES;
				CLANG_WARN_SUSPICIOUS_MOVE = YES;
				CLANG_WARN_UNGUARDED_AVAILABILITY = YES_AGGRESSIVE;
				CLANG_WARN_UNREACHABLE_CODE = YES;
				CLANG_WARN__DUPLICATE_METHOD_MATCH = YES;
				CODE_SIGN_IDENTITY = "iPhone Developer";
				COPY_PHASE_STRIP = NO;
				DEBUG_INFORMATION_FORMAT = "dwarf-with-dsym";
				ENABLE_NS_ASSERTIONS = NO;
				ENABLE_STRICT_OBJC_MSGSEND = YES;
				GCC_C_LANGUAGE_STANDARD = gnu11;
				GCC_NO_COMMON_BLOCKS = YES;
				GCC_WARN_64_TO_32_BIT_CONVERSION = YES;
				GCC_WARN_ABOUT_RETURN_TYPE = YES_ERROR;
				GCC_WARN_UNDECLARED_SELECTOR = YES;
				GCC_WARN_UNINITIALIZED_AUTOS = YES_AGGRESSIVE;
				GCC_WARN_UNUSED_FUNCTION = YES;
				GCC_WARN_UNUSED_VARIABLE = YES;
				IPHONEOS_DEPLOYMENT_TARGET = 11.2;
				MTL_ENABLE_DEBUG_INFO = NO;
				SDKROOT = iphoneos;
				SWIFT_OPTIMIZATION_LEVEL = "-Owholemodule";
				VALIDATE_PRODUCT = YES;
			};
			name = Release;
		};
		913B1FE2203D6559008EADEC /* Debug */ = {
			isa = XCBuildConfiguration;
			buildSettings = {
				ASSETCATALOG_COMPILER_APPICON_NAME = AppIcon;
				CODE_SIGN_STYLE = Automatic;
				DEVELOPMENT_TEAM = 2CS5LFHDLH;
				INFOPLIST_FILE = Todoey/Info.plist;
				IPHONEOS_DEPLOYMENT_TARGET = 10.2;
				LD_RUNPATH_SEARCH_PATHS = "$(inherited) @executable_path/Frameworks";
				PRODUCT_BUNDLE_IDENTIFIER = "com.mehdi-chennoufi.Todoey";
				PRODUCT_NAME = "$(TARGET_NAME)";
				SWIFT_VERSION = 4.0;
				TARGETED_DEVICE_FAMILY = "1,2";
			};
			name = Debug;
		};
		913B1FE3203D6559008EADEC /* Release */ = {
			isa = XCBuildConfiguration;
			buildSettings = {
				ASSETCATALOG_COMPILER_APPICON_NAME = AppIcon;
				CODE_SIGN_STYLE = Automatic;
				DEVELOPMENT_TEAM = 2CS5LFHDLH;
				INFOPLIST_FILE = Todoey/Info.plist;
				IPHONEOS_DEPLOYMENT_TARGET = 10.2;
				LD_RUNPATH_SEARCH_PATHS = "$(inherited) @executable_path/Frameworks";
				PRODUCT_BUNDLE_IDENTIFIER = "com.mehdi-chennoufi.Todoey";
				PRODUCT_NAME = "$(TARGET_NAME)";
				SWIFT_VERSION = 4.0;
				TARGETED_DEVICE_FAMILY = "1,2";
			};
			name = Release;
		};
/* End XCBuildConfiguration section */

/* Begin XCConfigurationList section */
		913B1FCA203D6558008EADEC /* Build configuration list for PBXProject "Todoey" */ = {
			isa = XCConfigurationList;
			buildConfigurations = (
				913B1FDF203D6559008EADEC /* Debug */,
				913B1FE0203D6559008EADEC /* Release */,
			);
			defaultConfigurationIsVisible = 0;
			defaultConfigurationName = Release;
		};
		913B1FE1203D6559008EADEC /* Build configuration list for PBXNativeTarget "Todoey" */ = {
			isa = XCConfigurationList;
			buildConfigurations = (
				913B1FE2203D6559008EADEC /* Debug */,
				913B1FE3203D6559008EADEC /* Release */,
			);
			defaultConfigurationIsVisible = 0;
			defaultConfigurationName = Release;
		};
/* End XCConfigurationList section */

/* Begin XCVersionGroup section */
		913B1FEC203DBC65008EADEC /* DataModel.xcdatamodeld */ = {
			isa = XCVersionGroup;
			children = (
				913B1FED203DBC65008EADEC /* DataModel.xcdatamodel */,
			);
			currentVersion = 913B1FED203DBC65008EADEC /* DataModel.xcdatamodel */;
			path = DataModel.xcdatamodeld;
			sourceTree = "<group>";
			versionGroupType = wrapper.xcdatamodel;
		};
/* End XCVersionGroup section */
	};
	rootObject = 913B1FC7203D6558008EADEC /* Project object */;
}
